
Microsoft Visual Studio Solution File, Format Version 12.00
# Visual Studio Version 17
VisualStudioVersion = 17.0.31903.59
MinimumVisualStudioVersion = 10.0.40219.1
Project("{FAE04EC0-301F-11D3-BF4B-00C04F79EFBC}") = "Task07.API", "Task07.API\Task07.API.csproj", "{717D7D8F-9D05-42D3-A1C3-68A89D619289}"
EndProject
Project("{FAE04EC0-301F-11D3-BF4B-00C04F79EFBC}") = "Task07.Core", "Task07.Core\Task07.Core.csproj", "{A7B601DE-2CAB-482C-92B8-BB6255145A9F}"
EndProject
Project("{FAE04EC0-301F-11D3-BF4B-00C04F79EFBC}") = "Task07.Infrastructure", "Task07.Infrastructure\Task07.Infrastructure.csproj", "{50FDF8CE-A209-4B2B-BD4A-68D301D6B2BF}"
EndProject
Project("{FAE04EC0-301F-11D3-BF4B-00C04F79EFBC}") = "Task07.Application", "Task07.Application\Task07.Application.csproj", "{C65639E4-DAC8-4438-B402-FCAB255AD0FF}"
EndProject
Project("{FAE04EC0-301F-11D3-BF4B-00C04F79EFBC}") = "Task07.Tests", "Task07.Tests\Task07.Tests.csproj", "{9432DA01-E3E3-43EC-94EE-104D75CDE0E9}"
EndProject
Global
	GlobalSection(SolutionConfigurationPlatforms) = preSolution
		Debug|Any CPU = Debug|Any CPU
		Debug|x64 = Debug|x64
		Debug|x86 = Debug|x86
		Release|Any CPU = Release|Any CPU
		Release|x64 = Release|x64
		Release|x86 = Release|x86
	EndGlobalSection
	GlobalSection(ProjectConfigurationPlatforms) = postSolution
		{717D7D8F-9D05-42D3-A1C3-68A89D619289}.Debug|Any CPU.ActiveCfg = Debug|Any CPU
		{717D7D8F-9D05-42D3-A1C3-68A89D619289}.Debug|Any CPU.Build.0 = Debug|Any CPU
		{717D7D8F-9D05-42D3-A1C3-68A89D619289}.Debug|x64.ActiveCfg = Debug|Any CPU
		{717D7D8F-9D05-42D3-A1C3-68A89D619289}.Debug|x64.Build.0 = Debug|Any CPU
		{717D7D8F-9D05-42D3-A1C3-68A89D619289}.Debug|x86.ActiveCfg = Debug|Any CPU
		{717D7D8F-9D05-42D3-A1C3-68A89D619289}.Debug|x86.Build.0 = Debug|Any CPU
		{717D7D8F-9D05-42D3-A1C3-68A89D619289}.Release|Any CPU.ActiveCfg = Release|Any CPU
		{717D7D8F-9D05-42D3-A1C3-68A89D619289}.Release|Any CPU.Build.0 = Release|Any CPU
		{717D7D8F-9D05-42D3-A1C3-68A89D619289}.Release|x64.ActiveCfg = Release|Any CPU
		{717D7D8F-9D05-42D3-A1C3-68A89D619289}.Release|x64.Build.0 = Release|Any CPU
		{717D7D8F-9D05-42D3-A1C3-68A89D619289}.Release|x86.ActiveCfg = Release|Any CPU
		{717D7D8F-9D05-42D3-A1C3-68A89D619289}.Release|x86.Build.0 = Release|Any CPU
		{A7B601DE-2CAB-482C-92B8-BB6255145A9F}.Debug|Any CPU.ActiveCfg = Debug|Any CPU
		{A7B601DE-2CAB-482C-92B8-BB6255145A9F}.Debug|Any CPU.Build.0 = Debug|Any CPU
		{A7B601DE-2CAB-482C-92B8-BB6255145A9F}.Debug|x64.ActiveCfg = Debug|Any CPU
		{A7B601DE-2CAB-482C-92B8-BB6255145A9F}.Debug|x64.Build.0 = Debug|Any CPU
		{A7B601DE-2CAB-482C-92B8-BB6255145A9F}.Debug|x86.ActiveCfg = Debug|Any CPU
		{A7B601DE-2CAB-482C-92B8-BB6255145A9F}.Debug|x86.Build.0 = Debug|Any CPU
		{A7B601DE-2CAB-482C-92B8-BB6255145A9F}.Release|Any CPU.ActiveCfg = Release|Any CPU
		{A7B601DE-2CAB-482C-92B8-BB6255145A9F}.Release|Any CPU.Build.0 = Release|Any CPU
		{A7B601DE-2CAB-482C-92B8-BB6255145A9F}.Release|x64.ActiveCfg = Release|Any CPU
		{A7B601DE-2CAB-482C-92B8-BB6255145A9F}.Release|x64.Build.0 = Release|Any CPU
		{A7B601DE-2CAB-482C-92B8-BB6255145A9F}.Release|x86.ActiveCfg = Release|Any CPU
		{A7B601DE-2CAB-482C-92B8-BB6255145A9F}.Release|x86.Build.0 = Release|Any CPU
		{50FDF8CE-A209-4B2B-BD4A-68D301D6B2BF}.Debug|Any CPU.ActiveCfg = Debug|Any CPU
		{50FDF8CE-A209-4B2B-BD4A-68D301D6B2BF}.Debug|Any CPU.Build.0 = Debug|Any CPU
		{50FDF8CE-A209-4B2B-BD4A-68D301D6B2BF}.Debug|x64.ActiveCfg = Debug|Any CPU
		{50FDF8CE-A209-4B2B-BD4A-68D301D6B2BF}.Debug|x64.Build.0 = Debug|Any CPU
		{50FDF8CE-A209-4B2B-BD4A-68D301D6B2BF}.Debug|x86.ActiveCfg = Debug|Any CPU
		{50FDF8CE-A209-4B2B-BD4A-68D301D6B2BF}.Debug|x86.Build.0 = Debug|Any CPU
		{50FDF8CE-A209-4B2B-BD4A-68D301D6B2BF}.Release|Any CPU.ActiveCfg = Release|Any CPU
		{50FDF8CE-A209-4B2B-BD4A-68D301D6B2BF}.Release|Any CPU.Build.0 = Release|Any CPU
		{50FDF8CE-A209-4B2B-BD4A-68D301D6B2BF}.Release|x64.ActiveCfg = Release|Any CPU
		{50FDF8CE-A209-4B2B-BD4A-68D301D6B2BF}.Release|x64.Build.0 = Release|Any CPU
		{50FDF8CE-A209-4B2B-BD4A-68D301D6B2BF}.Release|x86.ActiveCfg = Release|Any CPU
		{50FDF8CE-A209-4B2B-BD4A-68D301D6B2BF}.Release|x86.Build.0 = Release|Any CPU
		{C65639E4-DAC8-4438-B402-FCAB255AD0FF}.Debug|Any CPU.ActiveCfg = Debug|Any CPU
		{C65639E4-DAC8-4438-B402-FCAB255AD0FF}.Debug|Any CPU.Build.0 = Debug|Any CPU
		{C65639E4-DAC8-4438-B402-FCAB255AD0FF}.Debug|x64.ActiveCfg = Debug|Any CPU
		{C65639E4-DAC8-4438-B402-FCAB255AD0FF}.Debug|x64.Build.0 = Debug|Any CPU
		{C65639E4-DAC8-4438-B402-FCAB255AD0FF}.Debug|x86.ActiveCfg = Debug|Any CPU
		{C65639E4-DAC8-4438-B402-FCAB255AD0FF}.Debug|x86.Build.0 = Debug|Any CPU
		{C65639E4-DAC8-4438-B402-FCAB255AD0FF}.Release|Any CPU.ActiveCfg = Release|Any CPU
		{C65639E4-DAC8-4438-B402-FCAB255AD0FF}.Release|Any CPU.Build.0 = Release|Any CPU
		{C65639E4-DAC8-4438-B402-FCAB255AD0FF}.Release|x64.ActiveCfg = Release|Any CPU
		{C65639E4-DAC8-4438-B402-FCAB255AD0FF}.Release|x64.Build.0 = Release|Any CPU
		{C65639E4-DAC8-4438-B402-FCAB255AD0FF}.Release|x86.ActiveCfg = Release|Any CPU
		{C65639E4-DAC8-4438-B402-FCAB255AD0FF}.Release|x86.Build.0 = Release|Any CPU
		{9432DA01-E3E3-43EC-94EE-104D75CDE0E9}.Debug|Any CPU.ActiveCfg = Debug|Any CPU
		{9432DA01-E3E3-43EC-94EE-104D75CDE0E9}.Debug|Any CPU.Build.0 = Debug|Any CPU
		{9432DA01-E3E3-43EC-94EE-104D75CDE0E9}.Debug|x64.ActiveCfg = Debug|Any CPU
		{9432DA01-E3E3-43EC-94EE-104D75CDE0E9}.Debug|x64.Build.0 = Debug|Any CPU
		{9432DA01-E3E3-43EC-94EE-104D75CDE0E9}.Debug|x86.ActiveCfg = Debug|Any CPU
		{9432DA01-E3E3-43EC-94EE-104D75CDE0E9}.Debug|x86.Build.0 = Debug|Any CPU
		{9432DA01-E3E3-43EC-94EE-104D75CDE0E9}.Release|Any CPU.ActiveCfg = Release|Any CPU
		{9432DA01-E3E3-43EC-94EE-104D75CDE0E9}.Release|Any CPU.Build.0 = Release|Any CPU
		{9432DA01-E3E3-43EC-94EE-104D75CDE0E9}.Release|x64.ActiveCfg = Release|Any CPU
		{9432DA01-E3E3-43EC-94EE-104D75CDE0E9}.Release|x64.Build.0 = Release|Any CPU
		{9432DA01-E3E3-43EC-94EE-104D75CDE0E9}.Release|x86.ActiveCfg = Release|Any CPU
		{9432DA01-E3E3-43EC-94EE-104D75CDE0E9}.Release|x86.Build.0 = Release|Any CPU
	EndGlobalSection
	GlobalSection(SolutionProperties) = preSolution
		HideSolutionNode = FALSE
	EndGlobalSection
EndGlobal
